
Microsoft Visual Studio Solution File, Format Version 12.00
# Visual Studio Version 16
VisualStudioVersion = 16.0.28803.156
MinimumVisualStudioVersion = 10.0.40219.1
Project("{FAE04EC0-301F-11D3-BF4B-00C04F79EFBC}") = "ThanosSoft.Infraestrutura", "ThanosSoft.Infraestrutura\ThanosSoft.Infraestrutura.csproj", "{86ACB6D5-A068-433C-9569-11BA494F39DA}"
EndProject
Project("{2150E333-8FDC-42A3-9474-1A3956D46DE8}") = "4. ORM", "4. ORM", "{BB8F6B5E-0E26-4961-B5B3-B8C0561C5122}"
EndProject
Project("{2150E333-8FDC-42A3-9474-1A3956D46DE8}") = "3. Dados", "3. Dados", "{B79A6DD5-6912-4F53-9562-360DDD48452E}"
EndProject
Project("{2150E333-8FDC-42A3-9474-1A3956D46DE8}") = "2. Negócio", "2. Negócio", "{01D76418-154D-4979-AF65-E7FA5BAF17FD}"
EndProject
Project("{2150E333-8FDC-42A3-9474-1A3956D46DE8}") = "1. API", "1. API", "{428557A8-AFBB-40BD-9897-59F1A219FE7D}"
EndProject
Project("{FAE04EC0-301F-11D3-BF4B-00C04F79EFBC}") = "ThanosSoft.WebAPI", "ThanosSoft.WebAPI\ThanosSoft.WebAPI.csproj", "{B72AAC87-8AAA-4D27-AD80-63A7EE8EC2EB}"
EndProject
Project("{FAE04EC0-301F-11D3-BF4B-00C04F79EFBC}") = "ThanosSoft.Negocio", "ThanosSoft.Negocio\ThanosSoft.Negocio.csproj", "{3141C8F4-0645-45BA-B776-EE3641264F2B}"
EndProject
Project("{FAE04EC0-301F-11D3-BF4B-00C04F79EFBC}") = "ThanosSoft.Dados", "ThanosSoft.Dados\ThanosSoft.Dados.csproj", "{851F149F-166E-4C82-B7A2-C8841971DDB7}"
EndProject
Project("{FAE04EC0-301F-11D3-BF4B-00C04F79EFBC}") = "ThanosSoft.ViewModel", "ThanosSoft.ViewModel\ThanosSoft.ViewModel.csproj", "{F8E69D08-867C-48EE-AAC6-D39952E87399}"
EndProject
Global
	GlobalSection(SolutionConfigurationPlatforms) = preSolution
		Debug|Any CPU = Debug|Any CPU
		Release|Any CPU = Release|Any CPU
	EndGlobalSection
	GlobalSection(ProjectConfigurationPlatforms) = postSolution
		{86ACB6D5-A068-433C-9569-11BA494F39DA}.Debug|Any CPU.ActiveCfg = Debug|Any CPU
		{86ACB6D5-A068-433C-9569-11BA494F39DA}.Debug|Any CPU.Build.0 = Debug|Any CPU
		{86ACB6D5-A068-433C-9569-11BA494F39DA}.Release|Any CPU.ActiveCfg = Release|Any CPU
		{86ACB6D5-A068-433C-9569-11BA494F39DA}.Release|Any CPU.Build.0 = Release|Any CPU
		{B72AAC87-8AAA-4D27-AD80-63A7EE8EC2EB}.Debug|Any CPU.ActiveCfg = Debug|Any CPU
		{B72AAC87-8AAA-4D27-AD80-63A7EE8EC2EB}.Debug|Any CPU.Build.0 = Debug|Any CPU
		{B72AAC87-8AAA-4D27-AD80-63A7EE8EC2EB}.Release|Any CPU.ActiveCfg = Release|Any CPU
		{B72AAC87-8AAA-4D27-AD80-63A7EE8EC2EB}.Release|Any CPU.Build.0 = Release|Any CPU
		{3141C8F4-0645-45BA-B776-EE3641264F2B}.Debug|Any CPU.ActiveCfg = Debug|Any CPU
		{3141C8F4-0645-45BA-B776-EE3641264F2B}.Debug|Any CPU.Build.0 = Debug|Any CPU
		{3141C8F4-0645-45BA-B776-EE3641264F2B}.Release|Any CPU.ActiveCfg = Release|Any CPU
		{3141C8F4-0645-45BA-B776-EE3641264F2B}.Release|Any CPU.Build.0 = Release|Any CPU
		{851F149F-166E-4C82-B7A2-C8841971DDB7}.Debug|Any CPU.ActiveCfg = Debug|Any CPU
		{851F149F-166E-4C82-B7A2-C8841971DDB7}.Debug|Any CPU.Build.0 = Debug|Any CPU
		{851F149F-166E-4C82-B7A2-C8841971DDB7}.Release|Any CPU.ActiveCfg = Release|Any CPU
		{851F149F-166E-4C82-B7A2-C8841971DDB7}.Release|Any CPU.Build.0 = Release|Any CPU
		{F8E69D08-867C-48EE-AAC6-D39952E87399}.Debug|Any CPU.ActiveCfg = Debug|Any CPU
		{F8E69D08-867C-48EE-AAC6-D39952E87399}.Debug|Any CPU.Build.0 = Debug|Any CPU
		{F8E69D08-867C-48EE-AAC6-D39952E87399}.Release|Any CPU.ActiveCfg = Release|Any CPU
		{F8E69D08-867C-48EE-AAC6-D39952E87399}.Release|Any CPU.Build.0 = Release|Any CPU
	EndGlobalSection
	GlobalSection(SolutionProperties) = preSolution
		HideSolutionNode = FALSE
	EndGlobalSection
	GlobalSection(NestedProjects) = preSolution
		{86ACB6D5-A068-433C-9569-11BA494F39DA} = {BB8F6B5E-0E26-4961-B5B3-B8C0561C5122}
		{B72AAC87-8AAA-4D27-AD80-63A7EE8EC2EB} = {428557A8-AFBB-40BD-9897-59F1A219FE7D}
		{3141C8F4-0645-45BA-B776-EE3641264F2B} = {01D76418-154D-4979-AF65-E7FA5BAF17FD}
		{851F149F-166E-4C82-B7A2-C8841971DDB7} = {B79A6DD5-6912-4F53-9562-360DDD48452E}
		{F8E69D08-867C-48EE-AAC6-D39952E87399} = {428557A8-AFBB-40BD-9897-59F1A219FE7D}
	EndGlobalSection
	GlobalSection(ExtensibilityGlobals) = postSolution
		SolutionGuid = {6A0A766A-72A0-4884-A082-2B8A831E3B52}
	EndGlobalSection
EndGlobal
